
Microsoft Visual Studio Solution File, Format Version 12.00
# Visual Studio Version 16
VisualStudioVersion = 16.0.809.4
MinimumVisualStudioVersion = 10.0.40219.1
Project("{FAE04EC0-301F-11D3-BF4B-00C04F79EFBC}") = "Advent_of_Code_2020", "Advent_of_Code_2020\Advent_of_Code_2020.csproj", "{C5E00F6C-F55A-4F77-9139-0BFAF4F51CD9}"
EndProject
Global
	GlobalSection(SolutionConfigurationPlatforms) = preSolution
		Debug|Any CPU = Debug|Any CPU
		Release|Any CPU = Release|Any CPU
	EndGlobalSection
	GlobalSection(ProjectConfigurationPlatforms) = postSolution
		{C5E00F6C-F55A-4F77-9139-0BFAF4F51CD9}.Debug|Any CPU.ActiveCfg = Debug|Any CPU
		{C5E00F6C-F55A-4F77-9139-0BFAF4F51CD9}.Debug|Any CPU.Build.0 = Debug|Any CPU
		{C5E00F6C-F55A-4F77-9139-0BFAF4F51CD9}.Release|Any CPU.ActiveCfg = Release|Any CPU
		{C5E00F6C-F55A-4F77-9139-0BFAF4F51CD9}.Release|Any CPU.Build.0 = Release|Any CPU
	EndGlobalSection
	GlobalSection(SolutionProperties) = preSolution
		HideSolutionNode = FALSE
	EndGlobalSection
	GlobalSection(ExtensibilityGlobals) = postSolution
		SolutionGuid = {8CF93076-C3C1-42A7-BC1A-C5CBD50B23B4}
	EndGlobalSection
EndGlobal
